
Microsoft Visual Studio Solution File, Format Version 12.00
# Visual Studio Version 16
VisualStudioVersion = 16.0.810.11
MinimumVisualStudioVersion = 10.0.40219.1
Project("{FAE04EC0-301F-11D3-BF4B-00C04F79EFBC}") = "mcproject.Android", "mcproject.Android\mcproject.Android.csproj", "{6BF4BB4A-308C-46D8-BC72-047CADF19573}"
EndProject
Project("{FAE04EC0-301F-11D3-BF4B-00C04F79EFBC}") = "mcproject.iOS", "mcproject.iOS\mcproject.iOS.csproj", "{977B7F4C-EEB5-4CA9-9EEA-69DDAD5D5099}"
EndProject
Project("{9A19103F-16F7-4668-BE54-9A1E7A4F7556}") = "mcproject", "mcproject\mcproject.csproj", "{211C94EE-07D3-44DA-9DA1-B666AC6AC823}"
EndProject
Global
	GlobalSection(SolutionConfigurationPlatforms) = preSolution
		Debug|Any CPU = Debug|Any CPU
		Debug|iPhone = Debug|iPhone
		Debug|iPhoneSimulator = Debug|iPhoneSimulator
		Debug|x64 = Debug|x64
		Release|Any CPU = Release|Any CPU
		Release|iPhone = Release|iPhone
		Release|iPhoneSimulator = Release|iPhoneSimulator
		Release|x64 = Release|x64
	EndGlobalSection
	GlobalSection(ProjectConfigurationPlatforms) = postSolution
		{6BF4BB4A-308C-46D8-BC72-047CADF19573}.Debug|Any CPU.ActiveCfg = Debug|Any CPU
		{6BF4BB4A-308C-46D8-BC72-047CADF19573}.Debug|Any CPU.Build.0 = Debug|Any CPU
		{6BF4BB4A-308C-46D8-BC72-047CADF19573}.Debug|iPhone.ActiveCfg = Debug|Any CPU
		{6BF4BB4A-308C-46D8-BC72-047CADF19573}.Debug|iPhone.Build.0 = Debug|Any CPU
		{6BF4BB4A-308C-46D8-BC72-047CADF19573}.Debug|iPhoneSimulator.ActiveCfg = Debug|Any CPU
		{6BF4BB4A-308C-46D8-BC72-047CADF19573}.Debug|iPhoneSimulator.Build.0 = Debug|Any CPU
		{6BF4BB4A-308C-46D8-BC72-047CADF19573}.Debug|x64.ActiveCfg = Debug|x64
		{6BF4BB4A-308C-46D8-BC72-047CADF19573}.Debug|x64.Build.0 = Debug|x64
		{6BF4BB4A-308C-46D8-BC72-047CADF19573}.Debug|x64.Deploy.0 = Debug|x64
		{6BF4BB4A-308C-46D8-BC72-047CADF19573}.Release|Any CPU.ActiveCfg = Release|Any CPU
		{6BF4BB4A-308C-46D8-BC72-047CADF19573}.Release|Any CPU.Build.0 = Release|Any CPU
		{6BF4BB4A-308C-46D8-BC72-047CADF19573}.Release|iPhone.ActiveCfg = Release|Any CPU
		{6BF4BB4A-308C-46D8-BC72-047CADF19573}.Release|iPhone.Build.0 = Release|Any CPU
		{6BF4BB4A-308C-46D8-BC72-047CADF19573}.Release|iPhoneSimulator.ActiveCfg = Release|Any CPU
		{6BF4BB4A-308C-46D8-BC72-047CADF19573}.Release|iPhoneSimulator.Build.0 = Release|Any CPU
		{6BF4BB4A-308C-46D8-BC72-047CADF19573}.Release|x64.ActiveCfg = Release|x64
		{6BF4BB4A-308C-46D8-BC72-047CADF19573}.Release|x64.Build.0 = Release|x64
		{6BF4BB4A-308C-46D8-BC72-047CADF19573}.Release|x64.Deploy.0 = Release|x64
		{977B7F4C-EEB5-4CA9-9EEA-69DDAD5D5099}.Debug|Any CPU.ActiveCfg = Debug|iPhoneSimulator
		{977B7F4C-EEB5-4CA9-9EEA-69DDAD5D5099}.Debug|Any CPU.Build.0 = Debug|iPhoneSimulator
		{977B7F4C-EEB5-4CA9-9EEA-69DDAD5D5099}.Debug|iPhone.ActiveCfg = Debug|iPhone
		{977B7F4C-EEB5-4CA9-9EEA-69DDAD5D5099}.Debug|iPhone.Build.0 = Debug|iPhone
		{977B7F4C-EEB5-4CA9-9EEA-69DDAD5D5099}.Debug|iPhoneSimulator.ActiveCfg = Debug|iPhoneSimulator
		{977B7F4C-EEB5-4CA9-9EEA-69DDAD5D5099}.Debug|iPhoneSimulator.Build.0 = Debug|iPhoneSimulator
		{977B7F4C-EEB5-4CA9-9EEA-69DDAD5D5099}.Debug|x64.ActiveCfg = Debug|iPhone
		{977B7F4C-EEB5-4CA9-9EEA-69DDAD5D5099}.Release|Any CPU.ActiveCfg = Release|iPhoneSimulator
		{977B7F4C-EEB5-4CA9-9EEA-69DDAD5D5099}.Release|Any CPU.Build.0 = Release|iPhoneSimulator
		{977B7F4C-EEB5-4CA9-9EEA-69DDAD5D5099}.Release|iPhone.ActiveCfg = Release|iPhone
		{977B7F4C-EEB5-4CA9-9EEA-69DDAD5D5099}.Release|iPhone.Build.0 = Release|iPhone
		{977B7F4C-EEB5-4CA9-9EEA-69DDAD5D5099}.Release|iPhoneSimulator.ActiveCfg = Release|iPhoneSimulator
		{977B7F4C-EEB5-4CA9-9EEA-69DDAD5D5099}.Release|iPhoneSimulator.Build.0 = Release|iPhoneSimulator
		{977B7F4C-EEB5-4CA9-9EEA-69DDAD5D5099}.Release|x64.ActiveCfg = Release|iPhone
		{211C94EE-07D3-44DA-9DA1-B666AC6AC823}.Debug|Any CPU.ActiveCfg = Debug|Any CPU
		{211C94EE-07D3-44DA-9DA1-B666AC6AC823}.Debug|Any CPU.Build.0 = Debug|Any CPU
		{211C94EE-07D3-44DA-9DA1-B666AC6AC823}.Debug|iPhone.ActiveCfg = Debug|Any CPU
		{211C94EE-07D3-44DA-9DA1-B666AC6AC823}.Debug|iPhone.Build.0 = Debug|Any CPU
		{211C94EE-07D3-44DA-9DA1-B666AC6AC823}.Debug|iPhoneSimulator.ActiveCfg = Debug|Any CPU
		{211C94EE-07D3-44DA-9DA1-B666AC6AC823}.Debug|iPhoneSimulator.Build.0 = Debug|Any CPU
		{211C94EE-07D3-44DA-9DA1-B666AC6AC823}.Debug|x64.ActiveCfg = Debug|Any CPU
		{211C94EE-07D3-44DA-9DA1-B666AC6AC823}.Debug|x64.Build.0 = Debug|Any CPU
		{211C94EE-07D3-44DA-9DA1-B666AC6AC823}.Release|Any CPU.ActiveCfg = Release|Any CPU
		{211C94EE-07D3-44DA-9DA1-B666AC6AC823}.Release|Any CPU.Build.0 = Release|Any CPU
		{211C94EE-07D3-44DA-9DA1-B666AC6AC823}.Release|iPhone.ActiveCfg = Release|Any CPU
		{211C94EE-07D3-44DA-9DA1-B666AC6AC823}.Release|iPhone.Build.0 = Release|Any CPU
		{211C94EE-07D3-44DA-9DA1-B666AC6AC823}.Release|iPhoneSimulator.ActiveCfg = Release|Any CPU
		{211C94EE-07D3-44DA-9DA1-B666AC6AC823}.Release|iPhoneSimulator.Build.0 = Release|Any CPU
		{211C94EE-07D3-44DA-9DA1-B666AC6AC823}.Release|x64.ActiveCfg = Release|Any CPU
		{211C94EE-07D3-44DA-9DA1-B666AC6AC823}.Release|x64.Build.0 = Release|Any CPU
	EndGlobalSection
	GlobalSection(SolutionProperties) = preSolution
		HideSolutionNode = FALSE
	EndGlobalSection
	GlobalSection(ExtensibilityGlobals) = postSolution
		SolutionGuid = {634EFDFF-2CBE-4E69-8F8E-1B6ABBDC1975}
	EndGlobalSection
EndGlobal
